github.com/davecgh/go-spew v1.1.1 h1:vj9j/u1bqnvCEfJOwUhtlOARqs3+rkHYY13jYWTU97c=
github.com/davecgh/go-spew v1.1.1/go.mod h1:J7Y8YcW2NihsgmVo/mv3lAwl/skON4iLHjSsI+c5H38=
github.com/ebarkie/aprs v1.0.0 h1:gH+r3LhnWTJyTRUXGHzLYEtygyJ4Hhy5+8HVWnSFVBY=
github.com/ebarkie/aprs v1.0.0/go.mod h1:ofa0vZIbfWtuNHb1i7GMaYaByAWesagaze8nM9vOp30=
github.com/ebarkie/http v1.0.0 h1:mgpskseI/Ja747oYXhqvjx/rLtICLe+HU92y7Q10gkE=
github.com/ebarkie/http v1.0.0/go.mod h1:O7h0TF3zHRkFFlzgRfBsoBB8cL3uFBHh/cgo0f1tA+g=
github.com/ebarkie/weathercloud v1.0.0 h1:Av244WrmDPc+FbaVaQ3rOpy0sF8I1lTjDxOLdazVlXw=
github.com/ebarkie/weathercloud v1.0.0/go.mod h1:tRwdBiyeSsp6+YseJKLKY+hKHuvpDSkSN70DW/cRoVM=
github.com/ebarkie/weatherlink v1.0.0 h1:iMJxBJRcC5UNDVGoNLjqFJUn3WZpA8gdw2ryUciDnFU=
github.com/ebarkie/weatherlink v1.0.0/go.mod h1:rK/HY1OjAN54ixV9LPQsMktU+6ubUWGOP75Niqd8F4E=
github.com/ebarkie/windy v1.0.0 h1:5VPcJ6eieXYdRKKg4doaR3XKcFHsfDzPGppi9aB6QGI=
github.com/ebarkie/windy v1.0.0/go.mod h1:0Y0s3aqC8am4LJsoNjc62JehQJSEFjEDC+YAGz/lWvc=
github.com/ebarkie/wunderground v1.0.0 h1:+HXbzdiy/rI/rC28beJclI4Beju63HyPWPML53LCla0=
github.com/ebarkie/wunderground v1.0.0/go.mod h1:Py6HxvYfLpLtJNZMWHKlmjl9ouUky4aSpcw8PznQEgc=
github.com/pkg/term v0.0.0-20180730021639-bffc007b7fd5/go.mod h1:eCbImbZ95eXtAUIbLAuAVnBnwf83mjf6QIVH8SHYwqQ=
github.com/pmezard/go-difflib v1.0.0 h1:4DBwDE0NGyQoBHbLQYPwSUPoCMWR5BEzIk/f1lZbAQM=
github.com/pmezard/go-difflib v1.0.0/go.mod h1:iKH77koFhYxTK1pcRnkKkqfTogsbg7gZNVY4sRDYZ/4=
github.com/stretchr/testify v1.2.2 h1:bSDNvY7ZPG5RlJ8otE/7V6gMiyenm9RtJ7IUVIAoJ1w=
github.com/stretchr/testify v1.2.2/go.mod h1:a8OnRcib4nhh0OaRAV+Yts87kKdq0PP7pXfy6kDkUVs=
golang.org/x/sys v0.0.0-20180824143301-4910a1d54f87/go.mod h1:STP8DvDyc/dI5b8T5hshtkjS+E42TnysNCUPdjciGhY=
gopkg.in/check.v1 v0.0.0-20161208181325-20d25e280405 h1:yhCVgyC4o1eVCa2tZl7eS0r+SDo693bJlVdllGtEeKM=
gopkg.in/check.v1 v0.0.0-20161208181325-20d25e280405/go.mod h1:Co6ibVJAznAaIkqp8huTwlJQCZ016jof/cbN4VW5Yz0=
gopkg.in/yaml.v2 v2.2.1 h1:mUhvW9EsL+naU5Q3cakzfE91YhliOondGd6ZrsDBHQE=
gopkg.in/yaml.v2 v2.2.1/go.mod h1:hI93XBmqTisBFMUTm0b8Fm+jr3Dg1NNxqwp+5A1VGuI=
