github.com/davecgh/go-spew v1.1.1 h1:vj9j/u1bqnvCEfJOwUhtlOARqs3+rkHYY13jYWTU97c=
github.com/davecgh/go-spew v1.1.1/go.mod h1:J7Y8YcW2NihsgmVo/mv3lAwl/skON4iLHjSsI+c5H38=
github.com/pkg/term v0.0.0-20180730021639-bffc007b7fd5/go.mod h1:eCbImbZ95eXtAUIbLAuAVnBnwf83mjf6QIVH8SHYwqQ=
github.com/pmezard/go-difflib v1.0.0 h1:4DBwDE0NGyQoBHbLQYPwSUPoCMWR5BEzIk/f1lZbAQM=
github.com/pmezard/go-difflib v1.0.0/go.mod h1:iKH77koFhYxTK1pcRnkKkqfTogsbg7gZNVY4sRDYZ/4=
github.com/stretchr/testify v1.2.2 h1:bSDNvY7ZPG5RlJ8otE/7V6gMiyenm9RtJ7IUVIAoJ1w=
github.com/stretchr/testify v1.2.2/go.mod h1:a8OnRcib4nhh0OaRAV+Yts87kKdq0PP7pXfy6kDkUVs=
gitlab.com/ebarkie/aprs v1.0.1 h1:H9qM1D6iSjhRJ9iAdgpczQ/Vnt9/LyciHJoSLHGhYNM=
gitlab.com/ebarkie/aprs v1.0.1/go.mod h1:rNGfjjzehGyyMs7Yqd9HZU8LTM47SKuJMrcAyJdhrlA=
gitlab.com/ebarkie/http v1.0.1 h1:TcdJakJ7nSKA/7hYj0WOgqei7c03oEonj2ihq5ewcSk=
gitlab.com/ebarkie/http v1.0.1/go.mod h1:jAal1TDRIPnROkRsoXzQZungdh6HqIQWMj5lwfY+ftE=
gitlab.com/ebarkie/weathercloud v1.0.1 h1:FnJsb8RGG1b9K2GxC7+acxzFFI5xOC6ffcQNNQhY+AM=
gitlab.com/ebarkie/weathercloud v1.0.1/go.mod h1:kJvvNS2Yt/YlH1MSXmrtAo+2o4VZnQb5uizV0BVeJAE=
gitlab.com/ebarkie/weatherlink v1.0.1 h1:YoK5MwXV/rvBjP/uEgpDoKfuUQ/8hQERkwPneqSvJRQ=
gitlab.com/ebarkie/weatherlink v1.0.1/go.mod h1:mqsRfkPjkWYlqXEf3GzkPZLA98ZlQKdNnFwR72Zb6r8=
gitlab.com/ebarkie/windy v1.1.1 h1:s2sSLpUEa2SmpZmcOG0+ztp5ZsCpJLENIO0Osxr9Dds=
gitlab.com/ebarkie/windy v1.1.1/go.mod h1:yhBMslIiEK7pRuMgIKbJ3qnxgcP/u9gXqZwhT1go5zU=
gitlab.com/ebarkie/wunderground v1.0.1 h1:doiQECURLGzjjRPldyrGmCbCawd3TgkstK0b8luXBNc=
gitlab.com/ebarkie/wunderground v1.0.1/go.mod h1:RbQyZoHUIdgWgNOOvN1ukRUv9KVPIJFwAi0fZEcQeE8=
golang.org/x/sys v0.0.0-20191009170203-06d7bd2c5f4f/go.mod h1:h1NjWce9XRLGQEsW7wpKNCjG9DtNlClVuFLEZdDNbEs=
gopkg.in/check.v1 v0.0.0-20161208181325-20d25e280405 h1:yhCVgyC4o1eVCa2tZl7eS0r+SDo693bJlVdllGtEeKM=
gopkg.in/check.v1 v0.0.0-20161208181325-20d25e280405/go.mod h1:Co6ibVJAznAaIkqp8huTwlJQCZ016jof/cbN4VW5Yz0=
gopkg.in/yaml.v2 v2.2.1 h1:mUhvW9EsL+naU5Q3cakzfE91YhliOondGd6ZrsDBHQE=
gopkg.in/yaml.v2 v2.2.1/go.mod h1:hI93XBmqTisBFMUTm0b8Fm+jr3Dg1NNxqwp+5A1VGuI=
