github.com/davecgh/go-spew v1.1.1 h1:vj9j/u1bqnvCEfJOwUhtlOARqs3+rkHYY13jYWTU97c=
github.com/davecgh/go-spew v1.1.1/go.mod h1:J7Y8YcW2NihsgmVo/mv3lAwl/skON4iLHjSsI+c5H38=
github.com/ebarkie/aprs v1.0.4 h1:Jw2Ta2gTCqswU4Xfr1Gx0WnhY3hmvPkoI+pUOtDRVLI=
github.com/ebarkie/aprs v1.0.4/go.mod h1:DGhO4rvpN8oNnexuJldM10Xo5ZHJSRthNACVpHtbU/k=
github.com/ebarkie/http v1.0.2 h1:LNZ09kMeMlkTDLqiAEo+AopuZ7maTRW3PLkcWy6+ZUc=
github.com/ebarkie/http v1.0.2/go.mod h1:NhM7TxZn7NJLoR2lY3WhaV+tZbL0BlAVdFQFbrI+R8I=
github.com/ebarkie/weathercloud v1.0.2 h1:wPdjHk6CWzeL/VTu0jcOg9pq8yocb610o2dPJmZ6sMQ=
github.com/ebarkie/weathercloud v1.0.2/go.mod h1:d5iIHEz4TNWAasjgxC4L32I+e0lE3gUG5nYNLjzO2SI=
github.com/ebarkie/weatherlink v1.0.2/go.mod h1:PS5QOQWlOtW8czp7fIe15AfPscdw511cOFngx90QbVg=
github.com/ebarkie/weatherlink v1.0.9 h1:uPDC4EiEpAgXUf2dulfCPBo5189CVRDB8QoA3Z+kYzg=
github.com/ebarkie/weatherlink v1.0.9/go.mod h1:PyxCfM38gqkEk11AEisc71c1QXhCRINu5HC0I3iyjgE=
github.com/ebarkie/windy v1.1.2 h1:/llGDyrK2oYldrpraOyTU8PPAHZze81dad9m+BLHPR4=
github.com/ebarkie/windy v1.1.2/go.mod h1:ekgasJgwzf3mciUFmBxCcXmdFv3vL7nwSzC4y/x0oIg=
github.com/ebarkie/wunderground v1.0.4 h1:xoDr9z0ihzOpMu/aHFiYlNz0S4oRAtbIzlsauynNAE8=
github.com/ebarkie/wunderground v1.0.4/go.mod h1:1KFbYVgi8Hz8hC0ik0Ck7o91mzp6P3u52ChP5NYS7nQ=
github.com/pkg/term v0.0.0-20180730021639-bffc007b7fd5/go.mod h1:eCbImbZ95eXtAUIbLAuAVnBnwf83mjf6QIVH8SHYwqQ=
github.com/pmezard/go-difflib v1.0.0 h1:4DBwDE0NGyQoBHbLQYPwSUPoCMWR5BEzIk/f1lZbAQM=
github.com/pmezard/go-difflib v1.0.0/go.mod h1:iKH77koFhYxTK1pcRnkKkqfTogsbg7gZNVY4sRDYZ/4=
github.com/stretchr/testify v1.2.2/go.mod h1:a8OnRcib4nhh0OaRAV+Yts87kKdq0PP7pXfy6kDkUVs=
github.com/stretchr/testify v1.7.0 h1:nwc3DEeHmmLAfoZucVR881uASk0Mfjw8xYJ99tb5CcY=
golang.org/x/sys v0.0.0-20191009170203-06d7bd2c5f4f/go.mod h1:h1NjWce9XRLGQEsW7wpKNCjG9DtNlClVuFLEZdDNbEs=
gopkg.in/check.v1 v0.0.0-20161208181325-20d25e280405 h1:yhCVgyC4o1eVCa2tZl7eS0r+SDo693bJlVdllGtEeKM=
gopkg.in/check.v1 v0.0.0-20161208181325-20d25e280405/go.mod h1:Co6ibVJAznAaIkqp8huTwlJQCZ016jof/cbN4VW5Yz0=
gopkg.in/yaml.v3 v3.0.1 h1:fxVm/GzAzEWqLHuvctI91KS9hhNmmWOoWu0XTYJS7CA=
gopkg.in/yaml.v3 v3.0.1/go.mod h1:K4uyk7z7BCEPqu6E+C64Yfv1cQ7kz7rIZviUmN+EgEM=
